
Microsoft Visual Studio Solution File, Format Version 12.00
# Visual Studio 14
VisualStudioVersion = 14.0.25420.1
MinimumVisualStudioVersion = 10.0.40219.1
Project("{2150E333-8FDC-42A3-9474-1A3956D46DE8}") = "src", "src", "{2F7F283D-5576-417F-A467-EC210226AC3B}"
	ProjectSection(SolutionItems) = preProject
		src\_build nuget.cmd = src\_build nuget.cmd
	EndProjectSection
EndProject
Project("{2150E333-8FDC-42A3-9474-1A3956D46DE8}") = "Solution Items", "Solution Items", "{9FC09568-C879-47D8-9D28-E736B8A84C95}"
	ProjectSection(SolutionItems) = preProject
		appveyor.yml = appveyor.yml
		global.json = global.json
		README.md = README.md
		ReleaseNotes.txt = ReleaseNotes.txt
	EndProjectSection
EndProject
Project("{2150E333-8FDC-42A3-9474-1A3956D46DE8}") = "tests", "tests", "{0BE21A11-8EF0-404B-AFC0-533A62386C4C}"
EndProject
Project("{2150E333-8FDC-42A3-9474-1A3956D46DE8}") = "examples", "examples", "{4521E792-157C-4049-ADF0-CDA31EFC3CC7}"
EndProject
Project("{8BB2217D-0F2D-49D1-97BC-3654ED321F3B}") = "LinqKit", "src\LinqKit\LinqKit.xproj", "{667345EE-B154-432F-A908-CB6374805C20}"
EndProject
Project("{8BB2217D-0F2D-49D1-97BC-3654ED321F3B}") = "LinqKit.EntityFramework", "src\LinqKit.EntityFramework\LinqKit.EntityFramework.xproj", "{CFF0D30F-9AF2-4F3D-8458-167C5CC430FD}"
EndProject
Project("{8BB2217D-0F2D-49D1-97BC-3654ED321F3B}") = "LinqKit.Microsoft.EntityFrameworkCore", "src\LinqKit.Microsoft.EntityFrameworkCore\LinqKit.Microsoft.EntityFrameworkCore.xproj", "{F9861A91-C2E4-4D20-B486-89272898FE23}"
EndProject
Project("{FAE04EC0-301F-11D3-BF4B-00C04F79EFBC}") = "LinqKit.Tests.Net452", "tests\LinqKit.Tests.Net452\LinqKit.Tests.Net452.csproj", "{A8A8E0D9-CC31-4B84-9ED2-2B808C9F0B09}"
	ProjectSection(ProjectDependencies) = postProject
		{667345EE-B154-432F-A908-CB6374805C20} = {667345EE-B154-432F-A908-CB6374805C20}
	EndProjectSection
EndProject
Project("{FAE04EC0-301F-11D3-BF4B-00C04F79EFBC}") = "LinqKit.EntityFramework.Tests.Net452", "tests\LinqKit.EntityFramework.Tests.Net452\LinqKit.EntityFramework.Tests.Net452.csproj", "{A8A8E0D9-CC31-4B84-9ED2-2B808C9F0123}"
	ProjectSection(ProjectDependencies) = postProject
		{CFF0D30F-9AF2-4F3D-8458-167C5CC430FD} = {CFF0D30F-9AF2-4F3D-8458-167C5CC430FD}
	EndProjectSection
EndProject
Project("{FAE04EC0-301F-11D3-BF4B-00C04F79EFBC}") = "Demo", "examples\Demo\Demo.csproj", "{AA8FD6A3-D1D1-49B6-8ED4-388E94E4F2F3}"
	ProjectSection(ProjectDependencies) = postProject
		{667345EE-B154-432F-A908-CB6374805C20} = {667345EE-B154-432F-A908-CB6374805C20}
	EndProjectSection
EndProject
Project("{8BB2217D-0F2D-49D1-97BC-3654ED321F3B}") = "LinqKit.Microsoft.EntityFrameworkCore.Tests", "tests\LinqKit.Microsoft.EntityFrameworkCore.Tests\LinqKit.Microsoft.EntityFrameworkCore.Tests.xproj", "{1C9B4645-B402-437F-8B89-DBCAFCB5C55F}"
EndProject
Project("{8BB2217D-0F2D-49D1-97BC-3654ED321F3B}") = "LinqKit.Tests", "tests\LinqKit.Tests\LinqKit.Tests.xproj", "{9A0FD84C-83E3-47CA-9F60-E9FD27CCA259}"
EndProject
Project("{FAE04EC0-301F-11D3-BF4B-00C04F79EFBC}") = "LinqKit.Net45", "src\LinqKit.Net45\LinqKit.Net45.csproj", "{AEC98F52-83F5-488D-99EF-8AFFE7C9F6E6}"
EndProject
Project("{FAE04EC0-301F-11D3-BF4B-00C04F79EFBC}") = "LinqKit.Net35", "src\LinqKit.Net35\LinqKit.Net35.csproj", "{E6DA2678-2910-4EA4-B9F8-180E6BFD87B0}"
EndProject
Global
	GlobalSection(SolutionConfigurationPlatforms) = preSolution
		Debug|Any CPU = Debug|Any CPU
		Release|Any CPU = Release|Any CPU
	EndGlobalSection
	GlobalSection(ProjectConfigurationPlatforms) = postSolution
		{667345EE-B154-432F-A908-CB6374805C20}.Debug|Any CPU.ActiveCfg = Debug|Any CPU
		{667345EE-B154-432F-A908-CB6374805C20}.Debug|Any CPU.Build.0 = Debug|Any CPU
		{667345EE-B154-432F-A908-CB6374805C20}.Release|Any CPU.ActiveCfg = Release|Any CPU
		{667345EE-B154-432F-A908-CB6374805C20}.Release|Any CPU.Build.0 = Release|Any CPU
		{CFF0D30F-9AF2-4F3D-8458-167C5CC430FD}.Debug|Any CPU.ActiveCfg = Debug|Any CPU
		{CFF0D30F-9AF2-4F3D-8458-167C5CC430FD}.Debug|Any CPU.Build.0 = Debug|Any CPU
		{CFF0D30F-9AF2-4F3D-8458-167C5CC430FD}.Release|Any CPU.ActiveCfg = Release|Any CPU
		{CFF0D30F-9AF2-4F3D-8458-167C5CC430FD}.Release|Any CPU.Build.0 = Release|Any CPU
		{F9861A91-C2E4-4D20-B486-89272898FE23}.Debug|Any CPU.ActiveCfg = Debug|Any CPU
		{F9861A91-C2E4-4D20-B486-89272898FE23}.Debug|Any CPU.Build.0 = Debug|Any CPU
		{F9861A91-C2E4-4D20-B486-89272898FE23}.Release|Any CPU.ActiveCfg = Release|Any CPU
		{F9861A91-C2E4-4D20-B486-89272898FE23}.Release|Any CPU.Build.0 = Release|Any CPU
		{A8A8E0D9-CC31-4B84-9ED2-2B808C9F0B09}.Debug|Any CPU.ActiveCfg = Debug|Any CPU
		{A8A8E0D9-CC31-4B84-9ED2-2B808C9F0B09}.Debug|Any CPU.Build.0 = Debug|Any CPU
		{A8A8E0D9-CC31-4B84-9ED2-2B808C9F0B09}.Release|Any CPU.ActiveCfg = Release|Any CPU
		{A8A8E0D9-CC31-4B84-9ED2-2B808C9F0B09}.Release|Any CPU.Build.0 = Release|Any CPU
		{A8A8E0D9-CC31-4B84-9ED2-2B808C9F0123}.Debug|Any CPU.ActiveCfg = Debug|Any CPU
		{A8A8E0D9-CC31-4B84-9ED2-2B808C9F0123}.Debug|Any CPU.Build.0 = Debug|Any CPU
		{A8A8E0D9-CC31-4B84-9ED2-2B808C9F0123}.Release|Any CPU.ActiveCfg = Release|Any CPU
		{A8A8E0D9-CC31-4B84-9ED2-2B808C9F0123}.Release|Any CPU.Build.0 = Release|Any CPU
		{AA8FD6A3-D1D1-49B6-8ED4-388E94E4F2F3}.Debug|Any CPU.ActiveCfg = Debug|Any CPU
		{AA8FD6A3-D1D1-49B6-8ED4-388E94E4F2F3}.Debug|Any CPU.Build.0 = Debug|Any CPU
		{AA8FD6A3-D1D1-49B6-8ED4-388E94E4F2F3}.Release|Any CPU.ActiveCfg = Release|Any CPU
		{AA8FD6A3-D1D1-49B6-8ED4-388E94E4F2F3}.Release|Any CPU.Build.0 = Release|Any CPU
		{1C9B4645-B402-437F-8B89-DBCAFCB5C55F}.Debug|Any CPU.ActiveCfg = Debug|Any CPU
		{1C9B4645-B402-437F-8B89-DBCAFCB5C55F}.Debug|Any CPU.Build.0 = Debug|Any CPU
		{1C9B4645-B402-437F-8B89-DBCAFCB5C55F}.Release|Any CPU.ActiveCfg = Release|Any CPU
		{1C9B4645-B402-437F-8B89-DBCAFCB5C55F}.Release|Any CPU.Build.0 = Release|Any CPU
		{9A0FD84C-83E3-47CA-9F60-E9FD27CCA259}.Debug|Any CPU.ActiveCfg = Debug|Any CPU
		{9A0FD84C-83E3-47CA-9F60-E9FD27CCA259}.Debug|Any CPU.Build.0 = Debug|Any CPU
		{9A0FD84C-83E3-47CA-9F60-E9FD27CCA259}.Release|Any CPU.ActiveCfg = Release|Any CPU
		{9A0FD84C-83E3-47CA-9F60-E9FD27CCA259}.Release|Any CPU.Build.0 = Release|Any CPU
		{AEC98F52-83F5-488D-99EF-8AFFE7C9F6E6}.Debug|Any CPU.ActiveCfg = Debug|Any CPU
		{AEC98F52-83F5-488D-99EF-8AFFE7C9F6E6}.Debug|Any CPU.Build.0 = Debug|Any CPU
		{AEC98F52-83F5-488D-99EF-8AFFE7C9F6E6}.Release|Any CPU.ActiveCfg = Release|Any CPU
		{AEC98F52-83F5-488D-99EF-8AFFE7C9F6E6}.Release|Any CPU.Build.0 = Release|Any CPU
		{E6DA2678-2910-4EA4-B9F8-180E6BFD87B0}.Debug|Any CPU.ActiveCfg = Debug|Any CPU
		{E6DA2678-2910-4EA4-B9F8-180E6BFD87B0}.Debug|Any CPU.Build.0 = Debug|Any CPU
		{E6DA2678-2910-4EA4-B9F8-180E6BFD87B0}.Release|Any CPU.ActiveCfg = Release|Any CPU
		{E6DA2678-2910-4EA4-B9F8-180E6BFD87B0}.Release|Any CPU.Build.0 = Release|Any CPU
	EndGlobalSection
	GlobalSection(SolutionProperties) = preSolution
		HideSolutionNode = FALSE
	EndGlobalSection
	GlobalSection(NestedProjects) = preSolution
		{667345EE-B154-432F-A908-CB6374805C20} = {2F7F283D-5576-417F-A467-EC210226AC3B}
		{CFF0D30F-9AF2-4F3D-8458-167C5CC430FD} = {2F7F283D-5576-417F-A467-EC210226AC3B}
		{F9861A91-C2E4-4D20-B486-89272898FE23} = {2F7F283D-5576-417F-A467-EC210226AC3B}
		{A8A8E0D9-CC31-4B84-9ED2-2B808C9F0B09} = {0BE21A11-8EF0-404B-AFC0-533A62386C4C}
		{A8A8E0D9-CC31-4B84-9ED2-2B808C9F0123} = {0BE21A11-8EF0-404B-AFC0-533A62386C4C}
		{AA8FD6A3-D1D1-49B6-8ED4-388E94E4F2F3} = {4521E792-157C-4049-ADF0-CDA31EFC3CC7}
		{1C9B4645-B402-437F-8B89-DBCAFCB5C55F} = {0BE21A11-8EF0-404B-AFC0-533A62386C4C}
		{9A0FD84C-83E3-47CA-9F60-E9FD27CCA259} = {0BE21A11-8EF0-404B-AFC0-533A62386C4C}
		{AEC98F52-83F5-488D-99EF-8AFFE7C9F6E6} = {2F7F283D-5576-417F-A467-EC210226AC3B}
		{E6DA2678-2910-4EA4-B9F8-180E6BFD87B0} = {2F7F283D-5576-417F-A467-EC210226AC3B}
	EndGlobalSection
EndGlobal
