
Microsoft Visual Studio Solution File, Format Version 12.00
# Visual Studio 15
VisualStudioVersion = 15.0.27130.2027
MinimumVisualStudioVersion = 10.0.40219.1
Project("{2150E333-8FDC-42A3-9474-1A3956D46DE8}") = "src", "src", "{2F7F283D-5576-417F-A467-EC210226AC3B}"
EndProject
Project("{2150E333-8FDC-42A3-9474-1A3956D46DE8}") = "Solution Items", "Solution Items", "{9FC09568-C879-47D8-9D28-E736B8A84C95}"
	ProjectSection(SolutionItems) = preProject
		appveyor.yml = appveyor.yml
		GitReleaseNotes.txt = GitReleaseNotes.txt
		README.md = README.md
		ReleaseNotes.md = ReleaseNotes.md
	EndProjectSection
EndProject
Project("{2150E333-8FDC-42A3-9474-1A3956D46DE8}") = "tests", "tests", "{0BE21A11-8EF0-404B-AFC0-533A62386C4C}"
EndProject
Project("{2150E333-8FDC-42A3-9474-1A3956D46DE8}") = "examples", "examples", "{4521E792-157C-4049-ADF0-CDA31EFC3CC7}"
EndProject
Project("{9A19103F-16F7-4668-BE54-9A1E7A4F7556}") = "LinqKit", "src\LinqKit\LinqKit.csproj", "{667345EE-B154-432F-A908-CB6374805C20}"
EndProject
Project("{9A19103F-16F7-4668-BE54-9A1E7A4F7556}") = "LinqKit.EntityFramework", "src\LinqKit.EntityFramework\LinqKit.EntityFramework.csproj", "{CFF0D30F-9AF2-4F3D-8458-167C5CC430FD}"
EndProject
Project("{9A19103F-16F7-4668-BE54-9A1E7A4F7556}") = "LinqKit.Microsoft.EntityFrameworkCore", "src\LinqKit.Microsoft.EntityFrameworkCore\LinqKit.Microsoft.EntityFrameworkCore.csproj", "{F9861A91-C2E4-4D20-B486-89272898FE23}"
EndProject
Project("{FAE04EC0-301F-11D3-BF4B-00C04F79EFBC}") = "LinqKit.Tests.Net452", "tests\LinqKit.Tests.Net452\LinqKit.Tests.Net452.csproj", "{A8A8E0D9-CC31-4B84-9ED2-2B808C9F0B09}"
EndProject
Project("{9A19103F-16F7-4668-BE54-9A1E7A4F7556}") = "LinqKit.EntityFramework.Tests.Net452", "tests\LinqKit.EntityFramework.Tests.Net452\LinqKit.EntityFramework.Tests.Net452.csproj", "{A8A8E0D9-CC31-4B84-9ED2-2B808C9F0123}"
	ProjectSection(ProjectDependencies) = postProject
		{CFF0D30F-9AF2-4F3D-8458-167C5CC430FD} = {CFF0D30F-9AF2-4F3D-8458-167C5CC430FD}
	EndProjectSection
EndProject
Project("{FAE04EC0-301F-11D3-BF4B-00C04F79EFBC}") = "Demo", "examples\Demo\Demo.csproj", "{AA8FD6A3-D1D1-49B6-8ED4-388E94E4F2F3}"
	ProjectSection(ProjectDependencies) = postProject
		{667345EE-B154-432F-A908-CB6374805C20} = {667345EE-B154-432F-A908-CB6374805C20}
	EndProjectSection
EndProject
Project("{9A19103F-16F7-4668-BE54-9A1E7A4F7556}") = "LinqKit.Microsoft.EntityFrameworkCore.Tests", "tests\LinqKit.Microsoft.EntityFrameworkCore.Tests\LinqKit.Microsoft.EntityFrameworkCore.Tests.csproj", "{1C9B4645-B402-437F-8B89-DBCAFCB5C55F}"
EndProject
Project("{9A19103F-16F7-4668-BE54-9A1E7A4F7556}") = "LinqKit.Tests", "tests\LinqKit.Tests\LinqKit.Tests.csproj", "{9A0FD84C-83E3-47CA-9F60-E9FD27CCA259}"
EndProject
Project("{FAE04EC0-301F-11D3-BF4B-00C04F79EFBC}") = "LinqKit.Net45", "src\LinqKit.Net45\LinqKit.Net45.csproj", "{AEC98F52-83F5-488D-99EF-8AFFE7C9F6E6}"
EndProject
Project("{FAE04EC0-301F-11D3-BF4B-00C04F79EFBC}") = "LinqKit.Net35", "src\LinqKit.Net35\LinqKit.Net35.csproj", "{E6DA2678-2910-4EA4-B9F8-180E6BFD87B0}"
EndProject
Project("{FAE04EC0-301F-11D3-BF4B-00C04F79EFBC}") = "UWPExampleApp", "examples\UWPExampleApp\UWPExampleApp.csproj", "{84B37321-4C7F-4060-9E94-61E86F524B54}"
	ProjectSection(ProjectDependencies) = postProject
		{FC735DB2-5419-4CF3-8AEA-8231330A4D85} = {FC735DB2-5419-4CF3-8AEA-8231330A4D85}
	EndProjectSection
EndProject
Project("{9A19103F-16F7-4668-BE54-9A1E7A4F7556}") = "LinqKit.Core", "src\LinqKit.Core\LinqKit.Core.csproj", "{FC735DB2-5419-4CF3-8AEA-8231330A4D85}"
EndProject
Global
	GlobalSection(SolutionConfigurationPlatforms) = preSolution
		Debug|Any CPU = Debug|Any CPU
		Debug|ARM = Debug|ARM
		Debug|x64 = Debug|x64
		Debug|x86 = Debug|x86
		Release|Any CPU = Release|Any CPU
		Release|ARM = Release|ARM
		Release|x64 = Release|x64
		Release|x86 = Release|x86
	EndGlobalSection
	GlobalSection(ProjectConfigurationPlatforms) = postSolution
		{667345EE-B154-432F-A908-CB6374805C20}.Debug|Any CPU.ActiveCfg = Debug|Any CPU
		{667345EE-B154-432F-A908-CB6374805C20}.Debug|Any CPU.Build.0 = Debug|Any CPU
		{667345EE-B154-432F-A908-CB6374805C20}.Debug|ARM.ActiveCfg = Debug|Any CPU
		{667345EE-B154-432F-A908-CB6374805C20}.Debug|ARM.Build.0 = Debug|Any CPU
		{667345EE-B154-432F-A908-CB6374805C20}.Debug|x64.ActiveCfg = Debug|Any CPU
		{667345EE-B154-432F-A908-CB6374805C20}.Debug|x64.Build.0 = Debug|Any CPU
		{667345EE-B154-432F-A908-CB6374805C20}.Debug|x86.ActiveCfg = Debug|Any CPU
		{667345EE-B154-432F-A908-CB6374805C20}.Debug|x86.Build.0 = Debug|Any CPU
		{667345EE-B154-432F-A908-CB6374805C20}.Release|Any CPU.ActiveCfg = Release|Any CPU
		{667345EE-B154-432F-A908-CB6374805C20}.Release|Any CPU.Build.0 = Release|Any CPU
		{667345EE-B154-432F-A908-CB6374805C20}.Release|ARM.ActiveCfg = Release|Any CPU
		{667345EE-B154-432F-A908-CB6374805C20}.Release|ARM.Build.0 = Release|Any CPU
		{667345EE-B154-432F-A908-CB6374805C20}.Release|x64.ActiveCfg = Release|Any CPU
		{667345EE-B154-432F-A908-CB6374805C20}.Release|x64.Build.0 = Release|Any CPU
		{667345EE-B154-432F-A908-CB6374805C20}.Release|x86.ActiveCfg = Release|Any CPU
		{667345EE-B154-432F-A908-CB6374805C20}.Release|x86.Build.0 = Release|Any CPU
		{CFF0D30F-9AF2-4F3D-8458-167C5CC430FD}.Debug|Any CPU.ActiveCfg = Debug|Any CPU
		{CFF0D30F-9AF2-4F3D-8458-167C5CC430FD}.Debug|Any CPU.Build.0 = Debug|Any CPU
		{CFF0D30F-9AF2-4F3D-8458-167C5CC430FD}.Debug|ARM.ActiveCfg = Debug|Any CPU
		{CFF0D30F-9AF2-4F3D-8458-167C5CC430FD}.Debug|ARM.Build.0 = Debug|Any CPU
		{CFF0D30F-9AF2-4F3D-8458-167C5CC430FD}.Debug|x64.ActiveCfg = Debug|Any CPU
		{CFF0D30F-9AF2-4F3D-8458-167C5CC430FD}.Debug|x64.Build.0 = Debug|Any CPU
		{CFF0D30F-9AF2-4F3D-8458-167C5CC430FD}.Debug|x86.ActiveCfg = Debug|Any CPU
		{CFF0D30F-9AF2-4F3D-8458-167C5CC430FD}.Debug|x86.Build.0 = Debug|Any CPU
		{CFF0D30F-9AF2-4F3D-8458-167C5CC430FD}.Release|Any CPU.ActiveCfg = Release|Any CPU
		{CFF0D30F-9AF2-4F3D-8458-167C5CC430FD}.Release|Any CPU.Build.0 = Release|Any CPU
		{CFF0D30F-9AF2-4F3D-8458-167C5CC430FD}.Release|ARM.ActiveCfg = Release|Any CPU
		{CFF0D30F-9AF2-4F3D-8458-167C5CC430FD}.Release|ARM.Build.0 = Release|Any CPU
		{CFF0D30F-9AF2-4F3D-8458-167C5CC430FD}.Release|x64.ActiveCfg = Release|Any CPU
		{CFF0D30F-9AF2-4F3D-8458-167C5CC430FD}.Release|x64.Build.0 = Release|Any CPU
		{CFF0D30F-9AF2-4F3D-8458-167C5CC430FD}.Release|x86.ActiveCfg = Release|Any CPU
		{CFF0D30F-9AF2-4F3D-8458-167C5CC430FD}.Release|x86.Build.0 = Release|Any CPU
		{F9861A91-C2E4-4D20-B486-89272898FE23}.Debug|Any CPU.ActiveCfg = Debug|Any CPU
		{F9861A91-C2E4-4D20-B486-89272898FE23}.Debug|Any CPU.Build.0 = Debug|Any CPU
		{F9861A91-C2E4-4D20-B486-89272898FE23}.Debug|ARM.ActiveCfg = Debug|Any CPU
		{F9861A91-C2E4-4D20-B486-89272898FE23}.Debug|ARM.Build.0 = Debug|Any CPU
		{F9861A91-C2E4-4D20-B486-89272898FE23}.Debug|x64.ActiveCfg = Debug|Any CPU
		{F9861A91-C2E4-4D20-B486-89272898FE23}.Debug|x64.Build.0 = Debug|Any CPU
		{F9861A91-C2E4-4D20-B486-89272898FE23}.Debug|x86.ActiveCfg = Debug|Any CPU
		{F9861A91-C2E4-4D20-B486-89272898FE23}.Debug|x86.Build.0 = Debug|Any CPU
		{F9861A91-C2E4-4D20-B486-89272898FE23}.Release|Any CPU.ActiveCfg = Release|Any CPU
		{F9861A91-C2E4-4D20-B486-89272898FE23}.Release|Any CPU.Build.0 = Release|Any CPU
		{F9861A91-C2E4-4D20-B486-89272898FE23}.Release|ARM.ActiveCfg = Release|Any CPU
		{F9861A91-C2E4-4D20-B486-89272898FE23}.Release|ARM.Build.0 = Release|Any CPU
		{F9861A91-C2E4-4D20-B486-89272898FE23}.Release|x64.ActiveCfg = Release|Any CPU
		{F9861A91-C2E4-4D20-B486-89272898FE23}.Release|x64.Build.0 = Release|Any CPU
		{F9861A91-C2E4-4D20-B486-89272898FE23}.Release|x86.ActiveCfg = Release|Any CPU
		{F9861A91-C2E4-4D20-B486-89272898FE23}.Release|x86.Build.0 = Release|Any CPU
		{A8A8E0D9-CC31-4B84-9ED2-2B808C9F0B09}.Debug|Any CPU.ActiveCfg = Debug|Any CPU
		{A8A8E0D9-CC31-4B84-9ED2-2B808C9F0B09}.Debug|Any CPU.Build.0 = Debug|Any CPU
		{A8A8E0D9-CC31-4B84-9ED2-2B808C9F0B09}.Debug|ARM.ActiveCfg = Debug|Any CPU
		{A8A8E0D9-CC31-4B84-9ED2-2B808C9F0B09}.Debug|ARM.Build.0 = Debug|Any CPU
		{A8A8E0D9-CC31-4B84-9ED2-2B808C9F0B09}.Debug|x64.ActiveCfg = Debug|Any CPU
		{A8A8E0D9-CC31-4B84-9ED2-2B808C9F0B09}.Debug|x64.Build.0 = Debug|Any CPU
		{A8A8E0D9-CC31-4B84-9ED2-2B808C9F0B09}.Debug|x86.ActiveCfg = Debug|Any CPU
		{A8A8E0D9-CC31-4B84-9ED2-2B808C9F0B09}.Debug|x86.Build.0 = Debug|Any CPU
		{A8A8E0D9-CC31-4B84-9ED2-2B808C9F0B09}.Release|Any CPU.ActiveCfg = Release|Any CPU
		{A8A8E0D9-CC31-4B84-9ED2-2B808C9F0B09}.Release|Any CPU.Build.0 = Release|Any CPU
		{A8A8E0D9-CC31-4B84-9ED2-2B808C9F0B09}.Release|ARM.ActiveCfg = Release|Any CPU
		{A8A8E0D9-CC31-4B84-9ED2-2B808C9F0B09}.Release|ARM.Build.0 = Release|Any CPU
		{A8A8E0D9-CC31-4B84-9ED2-2B808C9F0B09}.Release|x64.ActiveCfg = Release|Any CPU
		{A8A8E0D9-CC31-4B84-9ED2-2B808C9F0B09}.Release|x64.Build.0 = Release|Any CPU
		{A8A8E0D9-CC31-4B84-9ED2-2B808C9F0B09}.Release|x86.ActiveCfg = Release|Any CPU
		{A8A8E0D9-CC31-4B84-9ED2-2B808C9F0B09}.Release|x86.Build.0 = Release|Any CPU
		{A8A8E0D9-CC31-4B84-9ED2-2B808C9F0123}.Debug|Any CPU.ActiveCfg = Debug|Any CPU
		{A8A8E0D9-CC31-4B84-9ED2-2B808C9F0123}.Debug|Any CPU.Build.0 = Debug|Any CPU
		{A8A8E0D9-CC31-4B84-9ED2-2B808C9F0123}.Debug|ARM.ActiveCfg = Debug|Any CPU
		{A8A8E0D9-CC31-4B84-9ED2-2B808C9F0123}.Debug|ARM.Build.0 = Debug|Any CPU
		{A8A8E0D9-CC31-4B84-9ED2-2B808C9F0123}.Debug|x64.ActiveCfg = Debug|Any CPU
		{A8A8E0D9-CC31-4B84-9ED2-2B808C9F0123}.Debug|x64.Build.0 = Debug|Any CPU
		{A8A8E0D9-CC31-4B84-9ED2-2B808C9F0123}.Debug|x86.ActiveCfg = Debug|Any CPU
		{A8A8E0D9-CC31-4B84-9ED2-2B808C9F0123}.Debug|x86.Build.0 = Debug|Any CPU
		{A8A8E0D9-CC31-4B84-9ED2-2B808C9F0123}.Release|Any CPU.ActiveCfg = Release|Any CPU
		{A8A8E0D9-CC31-4B84-9ED2-2B808C9F0123}.Release|Any CPU.Build.0 = Release|Any CPU
		{A8A8E0D9-CC31-4B84-9ED2-2B808C9F0123}.Release|ARM.ActiveCfg = Release|Any CPU
		{A8A8E0D9-CC31-4B84-9ED2-2B808C9F0123}.Release|ARM.Build.0 = Release|Any CPU
		{A8A8E0D9-CC31-4B84-9ED2-2B808C9F0123}.Release|x64.ActiveCfg = Release|Any CPU
		{A8A8E0D9-CC31-4B84-9ED2-2B808C9F0123}.Release|x64.Build.0 = Release|Any CPU
		{A8A8E0D9-CC31-4B84-9ED2-2B808C9F0123}.Release|x86.ActiveCfg = Release|Any CPU
		{A8A8E0D9-CC31-4B84-9ED2-2B808C9F0123}.Release|x86.Build.0 = Release|Any CPU
		{AA8FD6A3-D1D1-49B6-8ED4-388E94E4F2F3}.Debug|Any CPU.ActiveCfg = Debug|Any CPU
		{AA8FD6A3-D1D1-49B6-8ED4-388E94E4F2F3}.Debug|ARM.ActiveCfg = Debug|Any CPU
		{AA8FD6A3-D1D1-49B6-8ED4-388E94E4F2F3}.Debug|ARM.Build.0 = Debug|Any CPU
		{AA8FD6A3-D1D1-49B6-8ED4-388E94E4F2F3}.Debug|x64.ActiveCfg = Debug|Any CPU
		{AA8FD6A3-D1D1-49B6-8ED4-388E94E4F2F3}.Debug|x64.Build.0 = Debug|Any CPU
		{AA8FD6A3-D1D1-49B6-8ED4-388E94E4F2F3}.Debug|x86.ActiveCfg = Debug|Any CPU
		{AA8FD6A3-D1D1-49B6-8ED4-388E94E4F2F3}.Debug|x86.Build.0 = Debug|Any CPU
		{AA8FD6A3-D1D1-49B6-8ED4-388E94E4F2F3}.Release|Any CPU.ActiveCfg = Release|Any CPU
		{AA8FD6A3-D1D1-49B6-8ED4-388E94E4F2F3}.Release|Any CPU.Build.0 = Release|Any CPU
		{AA8FD6A3-D1D1-49B6-8ED4-388E94E4F2F3}.Release|ARM.ActiveCfg = Release|Any CPU
		{AA8FD6A3-D1D1-49B6-8ED4-388E94E4F2F3}.Release|ARM.Build.0 = Release|Any CPU
		{AA8FD6A3-D1D1-49B6-8ED4-388E94E4F2F3}.Release|x64.ActiveCfg = Release|Any CPU
		{AA8FD6A3-D1D1-49B6-8ED4-388E94E4F2F3}.Release|x64.Build.0 = Release|Any CPU
		{AA8FD6A3-D1D1-49B6-8ED4-388E94E4F2F3}.Release|x86.ActiveCfg = Release|Any CPU
		{AA8FD6A3-D1D1-49B6-8ED4-388E94E4F2F3}.Release|x86.Build.0 = Release|Any CPU
		{1C9B4645-B402-437F-8B89-DBCAFCB5C55F}.Debug|Any CPU.ActiveCfg = Debug|Any CPU
		{1C9B4645-B402-437F-8B89-DBCAFCB5C55F}.Debug|Any CPU.Build.0 = Debug|Any CPU
		{1C9B4645-B402-437F-8B89-DBCAFCB5C55F}.Debug|ARM.ActiveCfg = Debug|Any CPU
		{1C9B4645-B402-437F-8B89-DBCAFCB5C55F}.Debug|ARM.Build.0 = Debug|Any CPU
		{1C9B4645-B402-437F-8B89-DBCAFCB5C55F}.Debug|x64.ActiveCfg = Debug|Any CPU
		{1C9B4645-B402-437F-8B89-DBCAFCB5C55F}.Debug|x64.Build.0 = Debug|Any CPU
		{1C9B4645-B402-437F-8B89-DBCAFCB5C55F}.Debug|x86.ActiveCfg = Debug|Any CPU
		{1C9B4645-B402-437F-8B89-DBCAFCB5C55F}.Debug|x86.Build.0 = Debug|Any CPU
		{1C9B4645-B402-437F-8B89-DBCAFCB5C55F}.Release|Any CPU.ActiveCfg = Release|Any CPU
		{1C9B4645-B402-437F-8B89-DBCAFCB5C55F}.Release|Any CPU.Build.0 = Release|Any CPU
		{1C9B4645-B402-437F-8B89-DBCAFCB5C55F}.Release|ARM.ActiveCfg = Release|Any CPU
		{1C9B4645-B402-437F-8B89-DBCAFCB5C55F}.Release|ARM.Build.0 = Release|Any CPU
		{1C9B4645-B402-437F-8B89-DBCAFCB5C55F}.Release|x64.ActiveCfg = Release|Any CPU
		{1C9B4645-B402-437F-8B89-DBCAFCB5C55F}.Release|x64.Build.0 = Release|Any CPU
		{1C9B4645-B402-437F-8B89-DBCAFCB5C55F}.Release|x86.ActiveCfg = Release|Any CPU
		{1C9B4645-B402-437F-8B89-DBCAFCB5C55F}.Release|x86.Build.0 = Release|Any CPU
		{9A0FD84C-83E3-47CA-9F60-E9FD27CCA259}.Debug|Any CPU.ActiveCfg = Debug|Any CPU
		{9A0FD84C-83E3-47CA-9F60-E9FD27CCA259}.Debug|Any CPU.Build.0 = Debug|Any CPU
		{9A0FD84C-83E3-47CA-9F60-E9FD27CCA259}.Debug|ARM.ActiveCfg = Debug|Any CPU
		{9A0FD84C-83E3-47CA-9F60-E9FD27CCA259}.Debug|ARM.Build.0 = Debug|Any CPU
		{9A0FD84C-83E3-47CA-9F60-E9FD27CCA259}.Debug|x64.ActiveCfg = Debug|Any CPU
		{9A0FD84C-83E3-47CA-9F60-E9FD27CCA259}.Debug|x64.Build.0 = Debug|Any CPU
		{9A0FD84C-83E3-47CA-9F60-E9FD27CCA259}.Debug|x86.ActiveCfg = Debug|Any CPU
		{9A0FD84C-83E3-47CA-9F60-E9FD27CCA259}.Debug|x86.Build.0 = Debug|Any CPU
		{9A0FD84C-83E3-47CA-9F60-E9FD27CCA259}.Release|Any CPU.ActiveCfg = Release|Any CPU
		{9A0FD84C-83E3-47CA-9F60-E9FD27CCA259}.Release|Any CPU.Build.0 = Release|Any CPU
		{9A0FD84C-83E3-47CA-9F60-E9FD27CCA259}.Release|ARM.ActiveCfg = Release|Any CPU
		{9A0FD84C-83E3-47CA-9F60-E9FD27CCA259}.Release|ARM.Build.0 = Release|Any CPU
		{9A0FD84C-83E3-47CA-9F60-E9FD27CCA259}.Release|x64.ActiveCfg = Release|Any CPU
		{9A0FD84C-83E3-47CA-9F60-E9FD27CCA259}.Release|x64.Build.0 = Release|Any CPU
		{9A0FD84C-83E3-47CA-9F60-E9FD27CCA259}.Release|x86.ActiveCfg = Release|Any CPU
		{9A0FD84C-83E3-47CA-9F60-E9FD27CCA259}.Release|x86.Build.0 = Release|Any CPU
		{AEC98F52-83F5-488D-99EF-8AFFE7C9F6E6}.Debug|Any CPU.ActiveCfg = Debug|Any CPU
		{AEC98F52-83F5-488D-99EF-8AFFE7C9F6E6}.Debug|Any CPU.Build.0 = Debug|Any CPU
		{AEC98F52-83F5-488D-99EF-8AFFE7C9F6E6}.Debug|ARM.ActiveCfg = Debug|Any CPU
		{AEC98F52-83F5-488D-99EF-8AFFE7C9F6E6}.Debug|ARM.Build.0 = Debug|Any CPU
		{AEC98F52-83F5-488D-99EF-8AFFE7C9F6E6}.Debug|x64.ActiveCfg = Debug|Any CPU
		{AEC98F52-83F5-488D-99EF-8AFFE7C9F6E6}.Debug|x64.Build.0 = Debug|Any CPU
		{AEC98F52-83F5-488D-99EF-8AFFE7C9F6E6}.Debug|x86.ActiveCfg = Debug|Any CPU
		{AEC98F52-83F5-488D-99EF-8AFFE7C9F6E6}.Debug|x86.Build.0 = Debug|Any CPU
		{AEC98F52-83F5-488D-99EF-8AFFE7C9F6E6}.Release|Any CPU.ActiveCfg = Release|Any CPU
		{AEC98F52-83F5-488D-99EF-8AFFE7C9F6E6}.Release|Any CPU.Build.0 = Release|Any CPU
		{AEC98F52-83F5-488D-99EF-8AFFE7C9F6E6}.Release|ARM.ActiveCfg = Release|Any CPU
		{AEC98F52-83F5-488D-99EF-8AFFE7C9F6E6}.Release|ARM.Build.0 = Release|Any CPU
		{AEC98F52-83F5-488D-99EF-8AFFE7C9F6E6}.Release|x64.ActiveCfg = Release|Any CPU
		{AEC98F52-83F5-488D-99EF-8AFFE7C9F6E6}.Release|x64.Build.0 = Release|Any CPU
		{AEC98F52-83F5-488D-99EF-8AFFE7C9F6E6}.Release|x86.ActiveCfg = Release|Any CPU
		{AEC98F52-83F5-488D-99EF-8AFFE7C9F6E6}.Release|x86.Build.0 = Release|Any CPU
		{E6DA2678-2910-4EA4-B9F8-180E6BFD87B0}.Debug|Any CPU.ActiveCfg = Debug|Any CPU
		{E6DA2678-2910-4EA4-B9F8-180E6BFD87B0}.Debug|Any CPU.Build.0 = Debug|Any CPU
		{E6DA2678-2910-4EA4-B9F8-180E6BFD87B0}.Debug|ARM.ActiveCfg = Debug|Any CPU
		{E6DA2678-2910-4EA4-B9F8-180E6BFD87B0}.Debug|ARM.Build.0 = Debug|Any CPU
		{E6DA2678-2910-4EA4-B9F8-180E6BFD87B0}.Debug|x64.ActiveCfg = Debug|Any CPU
		{E6DA2678-2910-4EA4-B9F8-180E6BFD87B0}.Debug|x64.Build.0 = Debug|Any CPU
		{E6DA2678-2910-4EA4-B9F8-180E6BFD87B0}.Debug|x86.ActiveCfg = Debug|Any CPU
		{E6DA2678-2910-4EA4-B9F8-180E6BFD87B0}.Debug|x86.Build.0 = Debug|Any CPU
		{E6DA2678-2910-4EA4-B9F8-180E6BFD87B0}.Release|Any CPU.ActiveCfg = Release|Any CPU
		{E6DA2678-2910-4EA4-B9F8-180E6BFD87B0}.Release|Any CPU.Build.0 = Release|Any CPU
		{E6DA2678-2910-4EA4-B9F8-180E6BFD87B0}.Release|ARM.ActiveCfg = Release|Any CPU
		{E6DA2678-2910-4EA4-B9F8-180E6BFD87B0}.Release|ARM.Build.0 = Release|Any CPU
		{E6DA2678-2910-4EA4-B9F8-180E6BFD87B0}.Release|x64.ActiveCfg = Release|Any CPU
		{E6DA2678-2910-4EA4-B9F8-180E6BFD87B0}.Release|x64.Build.0 = Release|Any CPU
		{E6DA2678-2910-4EA4-B9F8-180E6BFD87B0}.Release|x86.ActiveCfg = Release|Any CPU
		{E6DA2678-2910-4EA4-B9F8-180E6BFD87B0}.Release|x86.Build.0 = Release|Any CPU
		{84B37321-4C7F-4060-9E94-61E86F524B54}.Debug|Any CPU.ActiveCfg = Debug|x86
		{84B37321-4C7F-4060-9E94-61E86F524B54}.Debug|ARM.ActiveCfg = Debug|ARM
		{84B37321-4C7F-4060-9E94-61E86F524B54}.Debug|ARM.Build.0 = Debug|ARM
		{84B37321-4C7F-4060-9E94-61E86F524B54}.Debug|ARM.Deploy.0 = Debug|ARM
		{84B37321-4C7F-4060-9E94-61E86F524B54}.Debug|x64.ActiveCfg = Debug|x64
		{84B37321-4C7F-4060-9E94-61E86F524B54}.Debug|x64.Build.0 = Debug|x64
		{84B37321-4C7F-4060-9E94-61E86F524B54}.Debug|x64.Deploy.0 = Debug|x64
		{84B37321-4C7F-4060-9E94-61E86F524B54}.Debug|x86.ActiveCfg = Debug|x86
		{84B37321-4C7F-4060-9E94-61E86F524B54}.Debug|x86.Build.0 = Debug|x86
		{84B37321-4C7F-4060-9E94-61E86F524B54}.Debug|x86.Deploy.0 = Debug|x86
		{84B37321-4C7F-4060-9E94-61E86F524B54}.Release|Any CPU.ActiveCfg = Release|x86
		{84B37321-4C7F-4060-9E94-61E86F524B54}.Release|ARM.ActiveCfg = Release|ARM
		{84B37321-4C7F-4060-9E94-61E86F524B54}.Release|ARM.Build.0 = Release|ARM
		{84B37321-4C7F-4060-9E94-61E86F524B54}.Release|ARM.Deploy.0 = Release|ARM
		{84B37321-4C7F-4060-9E94-61E86F524B54}.Release|x64.ActiveCfg = Release|x64
		{84B37321-4C7F-4060-9E94-61E86F524B54}.Release|x64.Build.0 = Release|x64
		{84B37321-4C7F-4060-9E94-61E86F524B54}.Release|x64.Deploy.0 = Release|x64
		{84B37321-4C7F-4060-9E94-61E86F524B54}.Release|x86.ActiveCfg = Release|x86
		{84B37321-4C7F-4060-9E94-61E86F524B54}.Release|x86.Build.0 = Release|x86
		{84B37321-4C7F-4060-9E94-61E86F524B54}.Release|x86.Deploy.0 = Release|x86
		{FC735DB2-5419-4CF3-8AEA-8231330A4D85}.Debug|Any CPU.ActiveCfg = Debug|Any CPU
		{FC735DB2-5419-4CF3-8AEA-8231330A4D85}.Debug|Any CPU.Build.0 = Debug|Any CPU
		{FC735DB2-5419-4CF3-8AEA-8231330A4D85}.Debug|ARM.ActiveCfg = Debug|Any CPU
		{FC735DB2-5419-4CF3-8AEA-8231330A4D85}.Debug|ARM.Build.0 = Debug|Any CPU
		{FC735DB2-5419-4CF3-8AEA-8231330A4D85}.Debug|x64.ActiveCfg = Debug|Any CPU
		{FC735DB2-5419-4CF3-8AEA-8231330A4D85}.Debug|x64.Build.0 = Debug|Any CPU
		{FC735DB2-5419-4CF3-8AEA-8231330A4D85}.Debug|x86.ActiveCfg = Debug|Any CPU
		{FC735DB2-5419-4CF3-8AEA-8231330A4D85}.Debug|x86.Build.0 = Debug|Any CPU
		{FC735DB2-5419-4CF3-8AEA-8231330A4D85}.Release|Any CPU.ActiveCfg = Release|Any CPU
		{FC735DB2-5419-4CF3-8AEA-8231330A4D85}.Release|Any CPU.Build.0 = Release|Any CPU
		{FC735DB2-5419-4CF3-8AEA-8231330A4D85}.Release|ARM.ActiveCfg = Release|Any CPU
		{FC735DB2-5419-4CF3-8AEA-8231330A4D85}.Release|ARM.Build.0 = Release|Any CPU
		{FC735DB2-5419-4CF3-8AEA-8231330A4D85}.Release|x64.ActiveCfg = Release|Any CPU
		{FC735DB2-5419-4CF3-8AEA-8231330A4D85}.Release|x64.Build.0 = Release|Any CPU
		{FC735DB2-5419-4CF3-8AEA-8231330A4D85}.Release|x86.ActiveCfg = Release|Any CPU
		{FC735DB2-5419-4CF3-8AEA-8231330A4D85}.Release|x86.Build.0 = Release|Any CPU
	EndGlobalSection
	GlobalSection(SolutionProperties) = preSolution
		HideSolutionNode = FALSE
	EndGlobalSection
	GlobalSection(NestedProjects) = preSolution
		{667345EE-B154-432F-A908-CB6374805C20} = {2F7F283D-5576-417F-A467-EC210226AC3B}
		{CFF0D30F-9AF2-4F3D-8458-167C5CC430FD} = {2F7F283D-5576-417F-A467-EC210226AC3B}
		{F9861A91-C2E4-4D20-B486-89272898FE23} = {2F7F283D-5576-417F-A467-EC210226AC3B}
		{A8A8E0D9-CC31-4B84-9ED2-2B808C9F0B09} = {0BE21A11-8EF0-404B-AFC0-533A62386C4C}
		{A8A8E0D9-CC31-4B84-9ED2-2B808C9F0123} = {0BE21A11-8EF0-404B-AFC0-533A62386C4C}
		{AA8FD6A3-D1D1-49B6-8ED4-388E94E4F2F3} = {4521E792-157C-4049-ADF0-CDA31EFC3CC7}
		{1C9B4645-B402-437F-8B89-DBCAFCB5C55F} = {0BE21A11-8EF0-404B-AFC0-533A62386C4C}
		{9A0FD84C-83E3-47CA-9F60-E9FD27CCA259} = {0BE21A11-8EF0-404B-AFC0-533A62386C4C}
		{AEC98F52-83F5-488D-99EF-8AFFE7C9F6E6} = {2F7F283D-5576-417F-A467-EC210226AC3B}
		{E6DA2678-2910-4EA4-B9F8-180E6BFD87B0} = {2F7F283D-5576-417F-A467-EC210226AC3B}
		{84B37321-4C7F-4060-9E94-61E86F524B54} = {4521E792-157C-4049-ADF0-CDA31EFC3CC7}
		{FC735DB2-5419-4CF3-8AEA-8231330A4D85} = {2F7F283D-5576-417F-A467-EC210226AC3B}
	EndGlobalSection
	GlobalSection(ExtensibilityGlobals) = postSolution
		SolutionGuid = {8F6283C5-9029-434E-BD90-E95FB377DA9B}
	EndGlobalSection
EndGlobal
