
Microsoft Visual Studio Solution File, Format Version 12.00
# Visual Studio 2013
VisualStudioVersion = 14.0.22823.1
MinimumVisualStudioVersion = 10.0.40219.1
Project("{FAE04EC0-301F-11D3-BF4B-00C04F79EFBC}") = "LinqKit", "LinqKit.csproj", "{AEC98F52-83F5-488D-99EF-8AFFE7C9F6E6}"
EndProject
Project("{FAE04EC0-301F-11D3-BF4B-00C04F79EFBC}") = "Demo", "Demo\Demo.csproj", "{AA8FD6A3-D1D1-49B6-8ED4-388E94E4F2F3}"
EndProject
Project("{FAE04EC0-301F-11D3-BF4B-00C04F79EFBC}") = "LinqKit.Tests", "Tests\LinqKit.Tests.csproj", "{A8A8E0D9-CC31-4B84-9ED2-2B808C9F0B09}"
EndProject
Project("{2150E333-8FDC-42A3-9474-1A3956D46DE8}") = ".nuget", ".nuget", "{75833520-65BE-46BA-B503-F627B3CCCC86}"
	ProjectSection(SolutionItems) = preProject
		.nuget\packages.config = .nuget\packages.config
	EndProjectSection
EndProject
Global
	GlobalSection(SolutionConfigurationPlatforms) = preSolution
		Debug|Any CPU = Debug|Any CPU
		Release|Any CPU = Release|Any CPU
	EndGlobalSection
	GlobalSection(ProjectConfigurationPlatforms) = postSolution
		{AEC98F52-83F5-488D-99EF-8AFFE7C9F6E6}.Debug|Any CPU.ActiveCfg = Debug|Any CPU
		{AEC98F52-83F5-488D-99EF-8AFFE7C9F6E6}.Debug|Any CPU.Build.0 = Debug|Any CPU
		{AEC98F52-83F5-488D-99EF-8AFFE7C9F6E6}.Release|Any CPU.ActiveCfg = Release|Any CPU
		{AEC98F52-83F5-488D-99EF-8AFFE7C9F6E6}.Release|Any CPU.Build.0 = Release|Any CPU
		{AA8FD6A3-D1D1-49B6-8ED4-388E94E4F2F3}.Debug|Any CPU.ActiveCfg = Debug|Any CPU
		{AA8FD6A3-D1D1-49B6-8ED4-388E94E4F2F3}.Debug|Any CPU.Build.0 = Debug|Any CPU
		{AA8FD6A3-D1D1-49B6-8ED4-388E94E4F2F3}.Release|Any CPU.ActiveCfg = Release|Any CPU
		{AA8FD6A3-D1D1-49B6-8ED4-388E94E4F2F3}.Release|Any CPU.Build.0 = Release|Any CPU
		{A8A8E0D9-CC31-4B84-9ED2-2B808C9F0B09}.Debug|Any CPU.ActiveCfg = Debug|Any CPU
		{A8A8E0D9-CC31-4B84-9ED2-2B808C9F0B09}.Debug|Any CPU.Build.0 = Debug|Any CPU
		{A8A8E0D9-CC31-4B84-9ED2-2B808C9F0B09}.Release|Any CPU.ActiveCfg = Release|Any CPU
		{A8A8E0D9-CC31-4B84-9ED2-2B808C9F0B09}.Release|Any CPU.Build.0 = Release|Any CPU
	EndGlobalSection
	GlobalSection(SolutionProperties) = preSolution
		HideSolutionNode = FALSE
	EndGlobalSection
	GlobalSection(CodealikeProperties) = postSolution
		SolutionGuid = 77e40eee-d44a-4d69-b32a-3ad2df4496b8
	EndGlobalSection
EndGlobal
